
Microsoft Visual Studio Solution File, Format Version 12.00
# Visual Studio Version 17
VisualStudioVersion = 17.14.36705.20 d17.14
MinimumVisualStudioVersion = 10.0.40219.1
Project("{FAE04EC0-301F-11D3-BF4B-00C04F79EFBC}") = "Huseyn Task 5", "Huseyn Task 5.csproj", "{81CB6790-68FD-40D8-BE47-CC089A8B85FB}"
EndProject
Global
	GlobalSection(SolutionConfigurationPlatforms) = preSolution
		Debug|Any CPU = Debug|Any CPU
		Release|Any CPU = Release|Any CPU
	EndGlobalSection
	GlobalSection(ProjectConfigurationPlatforms) = postSolution
		{81CB6790-68FD-40D8-BE47-CC089A8B85FB}.Debug|Any CPU.ActiveCfg = Debug|Any CPU
		{81CB6790-68FD-40D8-BE47-CC089A8B85FB}.Debug|Any CPU.Build.0 = Debug|Any CPU
		{81CB6790-68FD-40D8-BE47-CC089A8B85FB}.Release|Any CPU.ActiveCfg = Release|Any CPU
		{81CB6790-68FD-40D8-BE47-CC089A8B85FB}.Release|Any CPU.Build.0 = Release|Any CPU
	EndGlobalSection
	GlobalSection(SolutionProperties) = preSolution
		HideSolutionNode = FALSE
	EndGlobalSection
	GlobalSection(ExtensibilityGlobals) = postSolution
		SolutionGuid = {F1342AB5-D1DD-4B5F-9F23-61A14051F380}
	EndGlobalSection
EndGlobal
